
Microsoft Visual Studio Solution File, Format Version 12.00
# Visual Studio Version 16
VisualStudioVersion = 16.0.31129.286
MinimumVisualStudioVersion = 10.0.40219.1
Project("{FAE04EC0-301F-11D3-BF4B-00C04F79EFBC}") = "_ThreadVMK", "_ThreadVMK\_ThreadVMK.csproj", "{9670281C-9A01-4AB2-AACC-577143FA0763}"
EndProject
Global
	GlobalSection(SolutionConfigurationPlatforms) = preSolution
		Debug|Any CPU = Debug|Any CPU
		Release|Any CPU = Release|Any CPU
	EndGlobalSection
	GlobalSection(ProjectConfigurationPlatforms) = postSolution
		{9670281C-9A01-4AB2-AACC-577143FA0763}.Debug|Any CPU.ActiveCfg = Debug|Any CPU
		{9670281C-9A01-4AB2-AACC-577143FA0763}.Debug|Any CPU.Build.0 = Debug|Any CPU
		{9670281C-9A01-4AB2-AACC-577143FA0763}.Release|Any CPU.ActiveCfg = Release|Any CPU
		{9670281C-9A01-4AB2-AACC-577143FA0763}.Release|Any CPU.Build.0 = Release|Any CPU
	EndGlobalSection
	GlobalSection(SolutionProperties) = preSolution
		HideSolutionNode = FALSE
	EndGlobalSection
	GlobalSection(ExtensibilityGlobals) = postSolution
		SolutionGuid = {9DF378A7-EEFD-4314-9EEF-9E2CE61A7067}
	EndGlobalSection
EndGlobal
